
Microsoft Visual Studio Solution File, Format Version 12.00
# Visual Studio Version 16
VisualStudioVersion = 16.0.29905.134
MinimumVisualStudioVersion = 10.0.40219.1
Project("{FAE04EC0-301F-11D3-BF4B-00C04F79EFBC}") = "foglalasmanagement", "foglalasmanagement\foglalasmanagement.csproj", "{5E145411-D8A6-4C86-93C0-7A1D186973FE}"
EndProject
Global
	GlobalSection(SolutionConfigurationPlatforms) = preSolution
		Debug|Any CPU = Debug|Any CPU
		Release|Any CPU = Release|Any CPU
	EndGlobalSection
	GlobalSection(ProjectConfigurationPlatforms) = postSolution
		{5E145411-D8A6-4C86-93C0-7A1D186973FE}.Debug|Any CPU.ActiveCfg = Debug|Any CPU
		{5E145411-D8A6-4C86-93C0-7A1D186973FE}.Debug|Any CPU.Build.0 = Debug|Any CPU
		{5E145411-D8A6-4C86-93C0-7A1D186973FE}.Release|Any CPU.ActiveCfg = Release|Any CPU
		{5E145411-D8A6-4C86-93C0-7A1D186973FE}.Release|Any CPU.Build.0 = Release|Any CPU
	EndGlobalSection
	GlobalSection(SolutionProperties) = preSolution
		HideSolutionNode = FALSE
	EndGlobalSection
	GlobalSection(ExtensibilityGlobals) = postSolution
		SolutionGuid = {83A20454-69B8-42D5-96DA-F69BD22B9907}
	EndGlobalSection
EndGlobal
